
Microsoft Visual Studio Solution File, Format Version 12.00
# Visual Studio Version 16
VisualStudioVersion = 16.0.30406.217
MinimumVisualStudioVersion = 10.0.40219.1
Project("{FAE04EC0-301F-11D3-BF4B-00C04F79EFBC}") = "MasterOne", "MasterOne.csproj", "{4E206366-7021-4293-8114-A7C43F24CDEC}"
EndProject
Global
	GlobalSection(SolutionConfigurationPlatforms) = preSolution
		Debug|Any CPU = Debug|Any CPU
		Release|Any CPU = Release|Any CPU
	EndGlobalSection
	GlobalSection(ProjectConfigurationPlatforms) = postSolution
		{4E206366-7021-4293-8114-A7C43F24CDEC}.Debug|Any CPU.ActiveCfg = Debug|Any CPU
		{4E206366-7021-4293-8114-A7C43F24CDEC}.Debug|Any CPU.Build.0 = Debug|Any CPU
		{4E206366-7021-4293-8114-A7C43F24CDEC}.Release|Any CPU.ActiveCfg = Release|Any CPU
		{4E206366-7021-4293-8114-A7C43F24CDEC}.Release|Any CPU.Build.0 = Release|Any CPU
	EndGlobalSection
	GlobalSection(SolutionProperties) = preSolution
		HideSolutionNode = FALSE
	EndGlobalSection
	GlobalSection(ExtensibilityGlobals) = postSolution
		SolutionGuid = {E501AF18-004C-484F-A467-29E014FCC11B}
	EndGlobalSection
EndGlobal
